{
  "name": "chauffageCalcForm",
  "lockfileVersion": 2,
  "requires": true,
  "packages": {
    "": {
      "dependencies": {
        "jslib-html5-camera-photo": "^3.1.8",
        "materialize-css-helper": "^1.0.9"
      }
    },
    "node_modules/jslib-html5-camera-photo": {
      "version": "3.1.8",
      "resolved": "https://registry.npmjs.org/jslib-html5-camera-photo/-/jslib-html5-camera-photo-3.1.8.tgz",
      "integrity": "sha512-7vBcVyLUnnP37vKzOxzIFtpaS8I8z+XMtyOlNFm+BGW089/Yw1hROsH2MdbIjCDRWfD+DnMC/WCNmW3LO2chrQ=="
    },
    "node_modules/materialize-css-helper": {
      "version": "1.0.9",
      "resolved": "https://registry.npmjs.org/materialize-css-helper/-/materialize-css-helper-1.0.9.tgz",
      "integrity": "sha512-Ns6zLLNFGNmEJC6HP/JzD3OC/bc5zZpGvy6YBiFg7HCBCnJ07o0MNTQzmCXs42W50SyTqQNr6KE3n3jCYO0/yA==",
      "dependencies": {
        "passive-events-support": "^1.0.26"
      }
    },
    "node_modules/passive-events-support": {
      "version": "1.0.33",
      "resolved": "https://registry.npmjs.org/passive-events-support/-/passive-events-support-1.0.33.tgz",
      "integrity": "sha512-ooFBZ6B1RpwAMaFiLT+gU156qZkfUAZcK0ivd0ylptKr9KdhINHR3CLHewVTG1+HfqUdH0SPSq0mbaVReGZoaw=="
    }
  },
  "dependencies": {
    "jslib-html5-camera-photo": {
      "version": "3.1.8",
      "resolved": "https://registry.npmjs.org/jslib-html5-camera-photo/-/jslib-html5-camera-photo-3.1.8.tgz",
      "integrity": "sha512-7vBcVyLUnnP37vKzOxzIFtpaS8I8z+XMtyOlNFm+BGW089/Yw1hROsH2MdbIjCDRWfD+DnMC/WCNmW3LO2chrQ=="
    },
    "materialize-css-helper": {
      "version": "1.0.9",
      "resolved": "https://registry.npmjs.org/materialize-css-helper/-/materialize-css-helper-1.0.9.tgz",
      "integrity": "sha512-Ns6zLLNFGNmEJC6HP/JzD3OC/bc5zZpGvy6YBiFg7HCBCnJ07o0MNTQzmCXs42W50SyTqQNr6KE3n3jCYO0/yA==",
      "requires": {
        "passive-events-support": "^1.0.26"
      }
    },
    "passive-events-support": {
      "version": "1.0.33",
      "resolved": "https://registry.npmjs.org/passive-events-support/-/passive-events-support-1.0.33.tgz",
      "integrity": "sha512-ooFBZ6B1RpwAMaFiLT+gU156qZkfUAZcK0ivd0ylptKr9KdhINHR3CLHewVTG1+HfqUdH0SPSq0mbaVReGZoaw=="
    }
  }
}
