{
  "name": "chauffageCalcForm",
  "lockfileVersion": 2,
  "requires": true,
  "packages": {
    "": {
      "dependencies": {
        "jslib-html5-camera-photo": "^3.1.8",
        "materialize-css-helper": "^1.0.9",
        "pdf-lib": "^1.17.1"
      }
    },
    "node_modules/@pdf-lib/standard-fonts": {
      "version": "1.0.0",
      "resolved": "https://registry.npmjs.org/@pdf-lib/standard-fonts/-/standard-fonts-1.0.0.tgz",
      "integrity": "sha512-hU30BK9IUN/su0Mn9VdlVKsWBS6GyhVfqjwl1FjZN4TxP6cCw0jP2w7V3Hf5uX7M0AZJ16vey9yE0ny7Sa59ZA==",
      "dependencies": {
        "pako": "^1.0.6"
      }
    },
    "node_modules/@pdf-lib/upng": {
      "version": "1.0.1",
      "resolved": "https://registry.npmjs.org/@pdf-lib/upng/-/upng-1.0.1.tgz",
      "integrity": "sha512-dQK2FUMQtowVP00mtIksrlZhdFXQZPC+taih1q4CvPZ5vqdxR/LKBaFg0oAfzd1GlHZXXSPdQfzQnt+ViGvEIQ==",
      "dependencies": {
        "pako": "^1.0.10"
      }
    },
    "node_modules/jslib-html5-camera-photo": {
      "version": "3.1.8",
      "resolved": "https://registry.npmjs.org/jslib-html5-camera-photo/-/jslib-html5-camera-photo-3.1.8.tgz",
      "integrity": "sha512-7vBcVyLUnnP37vKzOxzIFtpaS8I8z+XMtyOlNFm+BGW089/Yw1hROsH2MdbIjCDRWfD+DnMC/WCNmW3LO2chrQ=="
    },
    "node_modules/materialize-css-helper": {
      "version": "1.0.9",
      "resolved": "https://registry.npmjs.org/materialize-css-helper/-/materialize-css-helper-1.0.9.tgz",
      "integrity": "sha512-Ns6zLLNFGNmEJC6HP/JzD3OC/bc5zZpGvy6YBiFg7HCBCnJ07o0MNTQzmCXs42W50SyTqQNr6KE3n3jCYO0/yA==",
      "dependencies": {
        "passive-events-support": "^1.0.26"
      }
    },
    "node_modules/pako": {
      "version": "1.0.11",
      "resolved": "https://registry.npmjs.org/pako/-/pako-1.0.11.tgz",
      "integrity": "sha512-4hLB8Py4zZce5s4yd9XzopqwVv/yGNhV1Bl8NTmCq1763HeK2+EwVTv+leGeL13Dnh2wfbqowVPXCIO0z4taYw=="
    },
    "node_modules/passive-events-support": {
      "version": "1.0.33",
      "resolved": "https://registry.npmjs.org/passive-events-support/-/passive-events-support-1.0.33.tgz",
      "integrity": "sha512-ooFBZ6B1RpwAMaFiLT+gU156qZkfUAZcK0ivd0ylptKr9KdhINHR3CLHewVTG1+HfqUdH0SPSq0mbaVReGZoaw=="
    },
    "node_modules/pdf-lib": {
      "version": "1.17.1",
      "resolved": "https://registry.npmjs.org/pdf-lib/-/pdf-lib-1.17.1.tgz",
      "integrity": "sha512-V/mpyJAoTsN4cnP31vc0wfNA1+p20evqqnap0KLoRUN0Yk/p3wN52DOEsL4oBFcLdb76hlpKPtzJIgo67j/XLw==",
      "dependencies": {
        "@pdf-lib/standard-fonts": "^1.0.0",
        "@pdf-lib/upng": "^1.0.1",
        "pako": "^1.0.11",
        "tslib": "^1.11.1"
      }
    },
    "node_modules/tslib": {
      "version": "1.14.1",
      "resolved": "https://registry.npmjs.org/tslib/-/tslib-1.14.1.tgz",
      "integrity": "sha512-Xni35NKzjgMrwevysHTCArtLDpPvye8zV/0E4EyYn43P7/7qvQwPh9BGkHewbMulVntbigmcT7rdX3BNo9wRJg=="
    }
  },
  "dependencies": {
    "@pdf-lib/standard-fonts": {
      "version": "1.0.0",
      "resolved": "https://registry.npmjs.org/@pdf-lib/standard-fonts/-/standard-fonts-1.0.0.tgz",
      "integrity": "sha512-hU30BK9IUN/su0Mn9VdlVKsWBS6GyhVfqjwl1FjZN4TxP6cCw0jP2w7V3Hf5uX7M0AZJ16vey9yE0ny7Sa59ZA==",
      "requires": {
        "pako": "^1.0.6"
      }
    },
    "@pdf-lib/upng": {
      "version": "1.0.1",
      "resolved": "https://registry.npmjs.org/@pdf-lib/upng/-/upng-1.0.1.tgz",
      "integrity": "sha512-dQK2FUMQtowVP00mtIksrlZhdFXQZPC+taih1q4CvPZ5vqdxR/LKBaFg0oAfzd1GlHZXXSPdQfzQnt+ViGvEIQ==",
      "requires": {
        "pako": "^1.0.10"
      }
    },
    "jslib-html5-camera-photo": {
      "version": "3.1.8",
      "resolved": "https://registry.npmjs.org/jslib-html5-camera-photo/-/jslib-html5-camera-photo-3.1.8.tgz",
      "integrity": "sha512-7vBcVyLUnnP37vKzOxzIFtpaS8I8z+XMtyOlNFm+BGW089/Yw1hROsH2MdbIjCDRWfD+DnMC/WCNmW3LO2chrQ=="
    },
    "materialize-css-helper": {
      "version": "1.0.9",
      "resolved": "https://registry.npmjs.org/materialize-css-helper/-/materialize-css-helper-1.0.9.tgz",
      "integrity": "sha512-Ns6zLLNFGNmEJC6HP/JzD3OC/bc5zZpGvy6YBiFg7HCBCnJ07o0MNTQzmCXs42W50SyTqQNr6KE3n3jCYO0/yA==",
      "requires": {
        "passive-events-support": "^1.0.26"
      }
    },
    "pako": {
      "version": "1.0.11",
      "resolved": "https://registry.npmjs.org/pako/-/pako-1.0.11.tgz",
      "integrity": "sha512-4hLB8Py4zZce5s4yd9XzopqwVv/yGNhV1Bl8NTmCq1763HeK2+EwVTv+leGeL13Dnh2wfbqowVPXCIO0z4taYw=="
    },
    "passive-events-support": {
      "version": "1.0.33",
      "resolved": "https://registry.npmjs.org/passive-events-support/-/passive-events-support-1.0.33.tgz",
      "integrity": "sha512-ooFBZ6B1RpwAMaFiLT+gU156qZkfUAZcK0ivd0ylptKr9KdhINHR3CLHewVTG1+HfqUdH0SPSq0mbaVReGZoaw=="
    },
    "pdf-lib": {
      "version": "1.17.1",
      "resolved": "https://registry.npmjs.org/pdf-lib/-/pdf-lib-1.17.1.tgz",
      "integrity": "sha512-V/mpyJAoTsN4cnP31vc0wfNA1+p20evqqnap0KLoRUN0Yk/p3wN52DOEsL4oBFcLdb76hlpKPtzJIgo67j/XLw==",
      "requires": {
        "@pdf-lib/standard-fonts": "^1.0.0",
        "@pdf-lib/upng": "^1.0.1",
        "pako": "^1.0.11",
        "tslib": "^1.11.1"
      }
    },
    "tslib": {
      "version": "1.14.1",
      "resolved": "https://registry.npmjs.org/tslib/-/tslib-1.14.1.tgz",
      "integrity": "sha512-Xni35NKzjgMrwevysHTCArtLDpPvye8zV/0E4EyYn43P7/7qvQwPh9BGkHewbMulVntbigmcT7rdX3BNo9wRJg=="
    }
  }
}
